# THIS IS AN AUTOGENERATED FILE. DO NOT EDIT THIS FILE DIRECTLY.
# yarn lockfile v1


"@types/node@^16.0.0":
  version "16.11.38"
  resolved "https://registry.yarnpkg.com/@types/node/-/node-16.11.38.tgz#be0edd097b23eace6c471c525a74b3f98803017f"
  integrity sha512-hjO/0K140An3GWDw2HJfq7gko3wWeznbjXgg+rzPdVzhe198hp4x2i1dgveAOEiFKd8sOilAxzoSJiVv5P/CUg==

barecolor@1.0.1:
  version "1.0.1"
  resolved "https://registry.yarnpkg.com/barecolor/-/barecolor-1.0.1.tgz#1bbbbfc41cedecf74e23fb7d9d054cd8763d92cc"
  integrity sha512-ncJ680U+r1CGBt73L3O6V9GIAPy3hbDmWODEQajwEnDmmzeStvc4UYhapUSxUpS76+MHxyRihzZfwhyl122Zdw==

baretest@^2.0.0:
  version "2.0.0"
  resolved "https://registry.yarnpkg.com/baretest/-/baretest-2.0.0.tgz#5791667b47329c452e1f9bade879ab8dc0b304ba"
  integrity sha512-hRmYnBojeijT3jH0GtqLoHus+adPoeYh2NmcNT3wBPH903AUphcFqs1gJ64fBovDXql51Df24g9D9jcXRZd4vA==
  dependencies:
    barecolor "1.0.1"

node-fetch@^2.6.1:
  version "2.6.7"
  resolved "https://registry.yarnpkg.com/node-fetch/-/node-fetch-2.6.7.tgz#24de9fba827e3b4ae44dc8b20256a379160052ad"
  integrity sha512-ZjMPFEfVx5j+y2yF35Kzx5sF7kDzxuDj6ziH4FFbOp87zKDZNx8yExJIb05OGF4Nlt9IHFIMBkRl41VdvcNdbQ==
  dependencies:
    whatwg-url "^5.0.0"

tr46@~0.0.3:
  version "0.0.3"
  resolved "https://registry.yarnpkg.com/tr46/-/tr46-0.0.3.tgz#8184fd347dac9cdc185992f3a6622e14b9d9ab6a"
  integrity sha1-gYT9NH2snNwYWZLzpmIuFLnZq2o=

typescript@^4.3.5:
  version "4.7.2"
  resolved "https://registry.yarnpkg.com/typescript/-/typescript-4.7.2.tgz#1f9aa2ceb9af87cca227813b4310fff0b51593c4"
  integrity sha512-Mamb1iX2FDUpcTRzltPxgWMKy3fhg0TN378ylbktPGPK/99KbDtMQ4W1hwgsbPAsG3a0xKa1vmw4VKZQbkvz5A==

webidl-conversions@^3.0.0:
  version "3.0.1"
  resolved "https://registry.yarnpkg.com/webidl-conversions/-/webidl-conversions-3.0.1.tgz#24534275e2a7bc6be7bc86611cc16ae0a5654871"
  integrity sha1-JFNCdeKnvGvnvIZhHMFq4KVlSHE=

whatwg-url@^5.0.0:
  version "5.0.0"
  resolved "https://registry.yarnpkg.com/whatwg-url/-/whatwg-url-5.0.0.tgz#966454e8765462e37644d3626f6742ce8b70965d"
  integrity sha1-lmRU6HZUYuN2RNNib2dCzotwll0=
  dependencies:
    tr46 "~0.0.3"
    webidl-conversions "^3.0.0"
